
Microsoft Visual Studio Solution File, Format Version 12.00
# Visual Studio Version 17
VisualStudioVersion = 17.0.32014.148
MinimumVisualStudioVersion = 10.0.40219.1
Project("{FAE04EC0-301F-11D3-BF4B-00C04F79EFBC}") = "TicketingSolution.Core.Test", "TicketingSolution.Core.Test\TicketingSolution.Core.Test.csproj", "{F4087DB1-156E-440C-AE6D-21797F3DC6D3}"
EndProject
Project("{FAE04EC0-301F-11D3-BF4B-00C04F79EFBC}") = "TicketingSolution.Core", "TicketingSolution.Core\TicketingSolution.Core.csproj", "{666276F0-455D-4C49-A02E-E608C62D8E52}"
EndProject
Global
	GlobalSection(SolutionConfigurationPlatforms) = preSolution
		Debug|Any CPU = Debug|Any CPU
		Release|Any CPU = Release|Any CPU
	EndGlobalSection
	GlobalSection(ProjectConfigurationPlatforms) = postSolution
		{F4087DB1-156E-440C-AE6D-21797F3DC6D3}.Debug|Any CPU.ActiveCfg = Debug|Any CPU
		{F4087DB1-156E-440C-AE6D-21797F3DC6D3}.Debug|Any CPU.Build.0 = Debug|Any CPU
		{F4087DB1-156E-440C-AE6D-21797F3DC6D3}.Release|Any CPU.ActiveCfg = Release|Any CPU
		{F4087DB1-156E-440C-AE6D-21797F3DC6D3}.Release|Any CPU.Build.0 = Release|Any CPU
		{666276F0-455D-4C49-A02E-E608C62D8E52}.Debug|Any CPU.ActiveCfg = Debug|Any CPU
		{666276F0-455D-4C49-A02E-E608C62D8E52}.Debug|Any CPU.Build.0 = Debug|Any CPU
		{666276F0-455D-4C49-A02E-E608C62D8E52}.Release|Any CPU.ActiveCfg = Release|Any CPU
		{666276F0-455D-4C49-A02E-E608C62D8E52}.Release|Any CPU.Build.0 = Release|Any CPU
	EndGlobalSection
	GlobalSection(SolutionProperties) = preSolution
		HideSolutionNode = FALSE
	EndGlobalSection
	GlobalSection(ExtensibilityGlobals) = postSolution
		SolutionGuid = {849873CC-8F52-4EB2-BB62-60BFE75B145C}
	EndGlobalSection
EndGlobal
